// !$*UTF8*$!
{
	archiveVersion = 1;
	classes = {
	};
	objectVersion = 50;
	objects = {

/* Begin PBXBuildFile section */
		2C220EFF257C5C120024FC43 /* APIClient.swift in Sources */ = {isa = PBXBuildFile; fileRef = 2C220EFE257C5C120024FC43 /* APIClient.swift */; };
		2C220F03257C5EF30024FC43 /* SearchRepositoryResponse.swift in Sources */ = {isa = PBXBuildFile; fileRef = 2C220F02257C5EF30024FC43 /* SearchRepositoryResponse.swift */; };
		2C220F08257C5FEF0024FC43 /* Repository.swift in Sources */ = {isa = PBXBuildFile; fileRef = 2C220F07257C5FEF0024FC43 /* Repository.swift */; };
		2C220F0B257C621B0024FC43 /* Owner.swift in Sources */ = {isa = PBXBuildFile; fileRef = 2C220F0A257C621B0024FC43 /* Owner.swift */; };
		2C3D0F9F257B9BE400D19CD8 /* UITableView+register.swift in Sources */ = {isa = PBXBuildFile; fileRef = 2C3D0F9E257B9BE400D19CD8 /* UITableView+register.swift */; };
		2C3D0FA3257B9CA000D19CD8 /* NSObject+className.swift in Sources */ = {isa = PBXBuildFile; fileRef = 2C3D0FA2257B9CA000D19CD8 /* NSObject+className.swift */; };
		2C3D0FA7257B9D0500D19CD8 /* RepositoryListCell.swift in Sources */ = {isa = PBXBuildFile; fileRef = 2C3D0FA5257B9D0500D19CD8 /* RepositoryListCell.swift */; };
		2C3D0FA8257B9D0500D19CD8 /* RepositoryListCell.xib in Resources */ = {isa = PBXBuildFile; fileRef = 2C3D0FA6257B9D0500D19CD8 /* RepositoryListCell.xib */; };
		2C5B9160257B92FB007D9A0B /* AppDelegate.swift in Sources */ = {isa = PBXBuildFile; fileRef = 2C5B915F257B92FB007D9A0B /* AppDelegate.swift */; };
		2C5B9162257B92FB007D9A0B /* SceneDelegate.swift in Sources */ = {isa = PBXBuildFile; fileRef = 2C5B9161257B92FB007D9A0B /* SceneDelegate.swift */; };
		2C5B9164257B92FB007D9A0B /* RepositoryListViewController.swift in Sources */ = {isa = PBXBuildFile; fileRef = 2C5B9163257B92FB007D9A0B /* RepositoryListViewController.swift */; };
		2C5B9167257B92FB007D9A0B /* RepositoryListViewController.storyboard in Resources */ = {isa = PBXBuildFile; fileRef = 2C5B9165257B92FB007D9A0B /* RepositoryListViewController.storyboard */; };
		2C5B9169257B92FD007D9A0B /* Assets.xcassets in Resources */ = {isa = PBXBuildFile; fileRef = 2C5B9168257B92FD007D9A0B /* Assets.xcassets */; };
		2C5B916C257B92FD007D9A0B /* LaunchScreen.storyboard in Resources */ = {isa = PBXBuildFile; fileRef = 2C5B916A257B92FD007D9A0B /* LaunchScreen.storyboard */; };
/* End PBXBuildFile section */

/* Begin PBXFileReference section */
		2C220EFE257C5C120024FC43 /* APIClient.swift */ = {isa = PBXFileReference; lastKnownFileType = sourcecode.swift; path = APIClient.swift; sourceTree = "<group>"; };
		2C220F02257C5EF30024FC43 /* SearchRepositoryResponse.swift */ = {isa = PBXFileReference; lastKnownFileType = sourcecode.swift; path = SearchRepositoryResponse.swift; sourceTree = "<group>"; };
		2C220F07257C5FEF0024FC43 /* Repository.swift */ = {isa = PBXFileReference; lastKnownFileType = sourcecode.swift; path = Repository.swift; sourceTree = "<group>"; };
		2C220F0A257C621B0024FC43 /* Owner.swift */ = {isa = PBXFileReference; lastKnownFileType = sourcecode.swift; path = Owner.swift; sourceTree = "<group>"; };
		2C3D0F9E257B9BE400D19CD8 /* UITableView+register.swift */ = {isa = PBXFileReference; lastKnownFileType = sourcecode.swift; path = "UITableView+register.swift"; sourceTree = "<group>"; };
		2C3D0FA2257B9CA000D19CD8 /* NSObject+className.swift */ = {isa = PBXFileReference; lastKnownFileType = sourcecode.swift; path = "NSObject+className.swift"; sourceTree = "<group>"; };
		2C3D0FA5257B9D0500D19CD8 /* RepositoryListCell.swift */ = {isa = PBXFileReference; lastKnownFileType = sourcecode.swift; path = RepositoryListCell.swift; sourceTree = "<group>"; };
		2C3D0FA6257B9D0500D19CD8 /* RepositoryListCell.xib */ = {isa = PBXFileReference; lastKnownFileType = file.xib; path = RepositoryListCell.xib; sourceTree = "<group>"; };
		2C5B915C257B92FB007D9A0B /* SearchGitHubRepository.app */ = {isa = PBXFileReference; explicitFileType = wrapper.application; includeInIndex = 0; path = SearchGitHubRepository.app; sourceTree = BUILT_PRODUCTS_DIR; };
		2C5B915F257B92FB007D9A0B /* AppDelegate.swift */ = {isa = PBXFileReference; lastKnownFileType = sourcecode.swift; path = AppDelegate.swift; sourceTree = "<group>"; };
		2C5B9161257B92FB007D9A0B /* SceneDelegate.swift */ = {isa = PBXFileReference; lastKnownFileType = sourcecode.swift; path = SceneDelegate.swift; sourceTree = "<group>"; };
		2C5B9163257B92FB007D9A0B /* RepositoryListViewController.swift */ = {isa = PBXFileReference; lastKnownFileType = sourcecode.swift; path = RepositoryListViewController.swift; sourceTree = "<group>"; };
		2C5B9166257B92FB007D9A0B /* Base */ = {isa = PBXFileReference; lastKnownFileType = file.storyboard; name = Base; path = Base.lproj/RepositoryListViewController.storyboard; sourceTree = "<group>"; };
		2C5B9168257B92FD007D9A0B /* Assets.xcassets */ = {isa = PBXFileReference; lastKnownFileType = folder.assetcatalog; path = Assets.xcassets; sourceTree = "<group>"; };
		2C5B916B257B92FD007D9A0B /* Base */ = {isa = PBXFileReference; lastKnownFileType = file.storyboard; name = Base; path = Base.lproj/LaunchScreen.storyboard; sourceTree = "<group>"; };
		2C5B916D257B92FD007D9A0B /* Info.plist */ = {isa = PBXFileReference; lastKnownFileType = text.plist.xml; path = Info.plist; sourceTree = "<group>"; };
/* End PBXFileReference section */

/* Begin PBXFrameworksBuildPhase section */
		2C5B9159257B92FB007D9A0B /* Frameworks */ = {
			isa = PBXFrameworksBuildPhase;
			buildActionMask = 2147483647;
			files = (
			);
			runOnlyForDeploymentPostprocessing = 0;
		};
/* End PBXFrameworksBuildPhase section */

/* Begin PBXGroup section */
		2C220EFD257C5BD10024FC43 /* Model */ = {
			isa = PBXGroup;
			children = (
				2C220F06257C5FDF0024FC43 /* Entity */,
				2C5B917D257B96C7007D9A0B /* API */,
			);
			path = Model;
			sourceTree = "<group>";
		};
		2C220F01257C5E930024FC43 /* Response */ = {
			isa = PBXGroup;
			children = (
				2C220F02257C5EF30024FC43 /* SearchRepositoryResponse.swift */,
			);
			path = Response;
			sourceTree = "<group>";
		};
		2C220F06257C5FDF0024FC43 /* Entity */ = {
			isa = PBXGroup;
			children = (
				2C220F07257C5FEF0024FC43 /* Repository.swift */,
				2C220F0A257C621B0024FC43 /* Owner.swift */,
			);
			path = Entity;
			sourceTree = "<group>";
		};
		2C3D0F9B257B9B9400D19CD8 /* RepositoryList */ = {
			isa = PBXGroup;
			children = (
				2C5B9163257B92FB007D9A0B /* RepositoryListViewController.swift */,
				2C5B9165257B92FB007D9A0B /* RepositoryListViewController.storyboard */,
			);
			path = RepositoryList;
			sourceTree = "<group>";
		};
		2C3D0F9C257B9BA600D19CD8 /* RepositoryList */ = {
			isa = PBXGroup;
			children = (
				2C3D0FA5257B9D0500D19CD8 /* RepositoryListCell.swift */,
				2C3D0FA6257B9D0500D19CD8 /* RepositoryListCell.xib */,
			);
			path = RepositoryList;
			sourceTree = "<group>";
		};
		2C3D0F9D257B9BC300D19CD8 /* Extension */ = {
			isa = PBXGroup;
			children = (
				2C3D0F9E257B9BE400D19CD8 /* UITableView+register.swift */,
				2C3D0FA2257B9CA000D19CD8 /* NSObject+className.swift */,
			);
			path = Extension;
			sourceTree = "<group>";
		};
		2C5B9153257B92FB007D9A0B = {
			isa = PBXGroup;
			children = (
				2C5B915E257B92FB007D9A0B /* SearchGitHubRepository */,
				2C5B915D257B92FB007D9A0B /* Products */,
			);
			sourceTree = "<group>";
		};
		2C5B915D257B92FB007D9A0B /* Products */ = {
			isa = PBXGroup;
			children = (
				2C5B915C257B92FB007D9A0B /* SearchGitHubRepository.app */,
			);
			name = Products;
			sourceTree = "<group>";
		};
		2C5B915E257B92FB007D9A0B /* SearchGitHubRepository */ = {
			isa = PBXGroup;
			children = (
				2C5B917E257B96CD007D9A0B /* Resource */,
				2C5B9179257B9684007D9A0B /* Classes */,
				2C5B9177257B9634007D9A0B /* Suportting Files */,
			);
			path = SearchGitHubRepository;
			sourceTree = "<group>";
		};
		2C5B9177257B9634007D9A0B /* Suportting Files */ = {
			isa = PBXGroup;
			children = (
				2C5B9161257B92FB007D9A0B /* SceneDelegate.swift */,
				2C5B916D257B92FD007D9A0B /* Info.plist */,
			);
			path = "Suportting Files";
			sourceTree = "<group>";
		};
		2C5B9179257B9684007D9A0B /* Classes */ = {
			isa = PBXGroup;
			children = (
				2C220EFD257C5BD10024FC43 /* Model */,
				2C3D0F9D257B9BC300D19CD8 /* Extension */,
				2C5B917A257B9694007D9A0B /* AppDelegate */,
				2C5B917B257B96A8007D9A0B /* View */,
				2C5B917C257B96B5007D9A0B /* ViewController */,
			);
			path = Classes;
			sourceTree = "<group>";
		};
		2C5B917A257B9694007D9A0B /* AppDelegate */ = {
			isa = PBXGroup;
			children = (
				2C5B915F257B92FB007D9A0B /* AppDelegate.swift */,
			);
			path = AppDelegate;
			sourceTree = "<group>";
		};
		2C5B917B257B96A8007D9A0B /* View */ = {
			isa = PBXGroup;
			children = (
				2C3D0F9C257B9BA600D19CD8 /* RepositoryList */,
			);
			path = View;
			sourceTree = "<group>";
		};
		2C5B917C257B96B5007D9A0B /* ViewController */ = {
			isa = PBXGroup;
			children = (
				2C3D0F9B257B9B9400D19CD8 /* RepositoryList */,
			);
			path = ViewController;
			sourceTree = "<group>";
		};
		2C5B917D257B96C7007D9A0B /* API */ = {
			isa = PBXGroup;
			children = (
				2C220F01257C5E930024FC43 /* Response */,
				2C220EFE257C5C120024FC43 /* APIClient.swift */,
			);
			path = API;
			sourceTree = "<group>";
		};
		2C5B917E257B96CD007D9A0B /* Resource */ = {
			isa = PBXGroup;
			children = (
				2C5B9168257B92FD007D9A0B /* Assets.xcassets */,
				2C5B916A257B92FD007D9A0B /* LaunchScreen.storyboard */,
			);
			path = Resource;
			sourceTree = "<group>";
		};
/* End PBXGroup section */

/* Begin PBXNativeTarget section */
		2C5B915B257B92FB007D9A0B /* SearchGitHubRepository */ = {
			isa = PBXNativeTarget;
			buildConfigurationList = 2C5B9170257B92FD007D9A0B /* Build configuration list for PBXNativeTarget "SearchGitHubRepository" */;
			buildPhases = (
				2C5B9158257B92FB007D9A0B /* Sources */,
				2C5B9159257B92FB007D9A0B /* Frameworks */,
				2C5B915A257B92FB007D9A0B /* Resources */,
			);
			buildRules = (
			);
			dependencies = (
			);
			name = SearchGitHubRepository;
			productName = SearchGitHubRepository;
			productReference = 2C5B915C257B92FB007D9A0B /* SearchGitHubRepository.app */;
			productType = "com.apple.product-type.application";
		};
/* End PBXNativeTarget section */

/* Begin PBXProject section */
		2C5B9154257B92FB007D9A0B /* Project object */ = {
			isa = PBXProject;
			attributes = {
				LastSwiftUpdateCheck = 1210;
				LastUpgradeCheck = 1210;
				TargetAttributes = {
					2C5B915B257B92FB007D9A0B = {
						CreatedOnToolsVersion = 12.1;
					};
				};
			};
			buildConfigurationList = 2C5B9157257B92FB007D9A0B /* Build configuration list for PBXProject "SearchGitHubRepository" */;
			compatibilityVersion = "Xcode 9.3";
			developmentRegion = en;
			hasScannedForEncodings = 0;
			knownRegions = (
				en,
				Base,
			);
			mainGroup = 2C5B9153257B92FB007D9A0B;
			productRefGroup = 2C5B915D257B92FB007D9A0B /* Products */;
			projectDirPath = "";
			projectRoot = "";
			targets = (
				2C5B915B257B92FB007D9A0B /* SearchGitHubRepository */,
			);
		};
/* End PBXProject section */

/* Begin PBXResourcesBuildPhase section */
		2C5B915A257B92FB007D9A0B /* Resources */ = {
			isa = PBXResourcesBuildPhase;
			buildActionMask = 2147483647;
			files = (
				2C5B916C257B92FD007D9A0B /* LaunchScreen.storyboard in Resources */,
				2C5B9169257B92FD007D9A0B /* Assets.xcassets in Resources */,
				2C5B9167257B92FB007D9A0B /* RepositoryListViewController.storyboard in Resources */,
				2C3D0FA8257B9D0500D19CD8 /* RepositoryListCell.xib in Resources */,
			);
			runOnlyForDeploymentPostprocessing = 0;
		};
/* End PBXResourcesBuildPhase section */

/* Begin PBXSourcesBuildPhase section */
		2C5B9158257B92FB007D9A0B /* Sources */ = {
			isa = PBXSourcesBuildPhase;
			buildActionMask = 2147483647;
			files = (
				2C5B9164257B92FB007D9A0B /* RepositoryListViewController.swift in Sources */,
				2C220EFF257C5C120024FC43 /* APIClient.swift in Sources */,
				2C5B9160257B92FB007D9A0B /* AppDelegate.swift in Sources */,
				2C220F0B257C621B0024FC43 /* Owner.swift in Sources */,
				2C3D0F9F257B9BE400D19CD8 /* UITableView+register.swift in Sources */,
				2C3D0FA7257B9D0500D19CD8 /* RepositoryListCell.swift in Sources */,
				2C3D0FA3257B9CA000D19CD8 /* NSObject+className.swift in Sources */,
				2C220F03257C5EF30024FC43 /* SearchRepositoryResponse.swift in Sources */,
				2C5B9162257B92FB007D9A0B /* SceneDelegate.swift in Sources */,
				2C220F08257C5FEF0024FC43 /* Repository.swift in Sources */,
			);
			runOnlyForDeploymentPostprocessing = 0;
		};
/* End PBXSourcesBuildPhase section */

/* Begin PBXVariantGroup section */
		2C5B9165257B92FB007D9A0B /* RepositoryListViewController.storyboard */ = {
			isa = PBXVariantGroup;
			children = (
				2C5B9166257B92FB007D9A0B /* Base */,
			);
			name = RepositoryListViewController.storyboard;
			sourceTree = "<group>";
		};
		2C5B916A257B92FD007D9A0B /* LaunchScreen.storyboard */ = {
			isa = PBXVariantGroup;
			children = (
				2C5B916B257B92FD007D9A0B /* Base */,
			);
			name = LaunchScreen.storyboard;
			sourceTree = "<group>";
		};
/* End PBXVariantGroup section */

/* Begin XCBuildConfiguration section */
		2C5B916E257B92FD007D9A0B /* Debug */ = {
			isa = XCBuildConfiguration;
			buildSettings = {
				ALWAYS_SEARCH_USER_PATHS = NO;
				CLANG_ANALYZER_NONNULL = YES;
				CLANG_ANALYZER_NUMBER_OBJECT_CONVERSION = YES_AGGRESSIVE;
				CLANG_CXX_LANGUAGE_STANDARD = "gnu++14";
				CLANG_CXX_LIBRARY = "libc++";
				CLANG_ENABLE_MODULES = YES;
				CLANG_ENABLE_OBJC_ARC = YES;
				CLANG_ENABLE_OBJC_WEAK = YES;
				CLANG_WARN_BLOCK_CAPTURE_AUTORELEASING = YES;
				CLANG_WARN_BOOL_CONVERSION = YES;
				CLANG_WARN_COMMA = YES;
				CLANG_WARN_CONSTANT_CONVERSION = YES;
				CLANG_WARN_DEPRECATED_OBJC_IMPLEMENTATIONS = YES;
				CLANG_WARN_DIRECT_OBJC_ISA_USAGE = YES_ERROR;
				CLANG_WARN_DOCUMENTATION_COMMENTS = YES;
				CLANG_WARN_EMPTY_BODY = YES;
				CLANG_WARN_ENUM_CONVERSION = YES;
				CLANG_WARN_INFINITE_RECURSION = YES;
				CLANG_WARN_INT_CONVERSION = YES;
				CLANG_WARN_NON_LITERAL_NULL_CONVERSION = YES;
				CLANG_WARN_OBJC_IMPLICIT_RETAIN_SELF = YES;
				CLANG_WARN_OBJC_LITERAL_CONVERSION = YES;
				CLANG_WARN_OBJC_ROOT_CLASS = YES_ERROR;
				CLANG_WARN_QUOTED_INCLUDE_IN_FRAMEWORK_HEADER = YES;
				CLANG_WARN_RANGE_LOOP_ANALYSIS = YES;
				CLANG_WARN_STRICT_PROTOTYPES = YES;
				CLANG_WARN_SUSPICIOUS_MOVE = YES;
				CLANG_WARN_UNGUARDED_AVAILABILITY = YES_AGGRESSIVE;
				CLANG_WARN_UNREACHABLE_CODE = YES;
				CLANG_WARN__DUPLICATE_METHOD_MATCH = YES;
				COPY_PHASE_STRIP = NO;
				DEBUG_INFORMATION_FORMAT = dwarf;
				ENABLE_STRICT_OBJC_MSGSEND = YES;
				ENABLE_TESTABILITY = YES;
				GCC_C_LANGUAGE_STANDARD = gnu11;
				GCC_DYNAMIC_NO_PIC = NO;
				GCC_NO_COMMON_BLOCKS = YES;
				GCC_OPTIMIZATION_LEVEL = 0;
				GCC_PREPROCESSOR_DEFINITIONS = (
					"DEBUG=1",
					"$(inherited)",
				);
				GCC_WARN_64_TO_32_BIT_CONVERSION = YES;
				GCC_WARN_ABOUT_RETURN_TYPE = YES_ERROR;
				GCC_WARN_UNDECLARED_SELECTOR = YES;
				GCC_WARN_UNINITIALIZED_AUTOS = YES_AGGRESSIVE;
				GCC_WARN_UNUSED_FUNCTION = YES;
				GCC_WARN_UNUSED_VARIABLE = YES;
				IPHONEOS_DEPLOYMENT_TARGET = 14.1;
				MTL_ENABLE_DEBUG_INFO = INCLUDE_SOURCE;
				MTL_FAST_MATH = YES;
				ONLY_ACTIVE_ARCH = YES;
				SDKROOT = iphoneos;
				SWIFT_ACTIVE_COMPILATION_CONDITIONS = DEBUG;
				SWIFT_OPTIMIZATION_LEVEL = "-Onone";
			};
			name = Debug;
		};
		2C5B916F257B92FD007D9A0B /* Release */ = {
			isa = XCBuildConfiguration;
			buildSettings = {
				ALWAYS_SEARCH_USER_PATHS = NO;
				CLANG_ANALYZER_NONNULL = YES;
				CLANG_ANALYZER_NUMBER_OBJECT_CONVERSION = YES_AGGRESSIVE;
				CLANG_CXX_LANGUAGE_STANDARD = "gnu++14";
				CLANG_CXX_LIBRARY = "libc++";
				CLANG_ENABLE_MODULES = YES;
				CLANG_ENABLE_OBJC_ARC = YES;
				CLANG_ENABLE_OBJC_WEAK = YES;
				CLANG_WARN_BLOCK_CAPTURE_AUTORELEASING = YES;
				CLANG_WARN_BOOL_CONVERSION = YES;
				CLANG_WARN_COMMA = YES;
				CLANG_WARN_CONSTANT_CONVERSION = YES;
				CLANG_WARN_DEPRECATED_OBJC_IMPLEMENTATIONS = YES;
				CLANG_WARN_DIRECT_OBJC_ISA_USAGE = YES_ERROR;
				CLANG_WARN_DOCUMENTATION_COMMENTS = YES;
				CLANG_WARN_EMPTY_BODY = YES;
				CLANG_WARN_ENUM_CONVERSION = YES;
				CLANG_WARN_INFINITE_RECURSION = YES;
				CLANG_WARN_INT_CONVERSION = YES;
				CLANG_WARN_NON_LITERAL_NULL_CONVERSION = YES;
				CLANG_WARN_OBJC_IMPLICIT_RETAIN_SELF = YES;
				CLANG_WARN_OBJC_LITERAL_CONVERSION = YES;
				CLANG_WARN_OBJC_ROOT_CLASS = YES_ERROR;
				CLANG_WARN_QUOTED_INCLUDE_IN_FRAMEWORK_HEADER = YES;
				CLANG_WARN_RANGE_LOOP_ANALYSIS = YES;
				CLANG_WARN_STRICT_PROTOTYPES = YES;
				CLANG_WARN_SUSPICIOUS_MOVE = YES;
				CLANG_WARN_UNGUARDED_AVAILABILITY = YES_AGGRESSIVE;
				CLANG_WARN_UNREACHABLE_CODE = YES;
				CLANG_WARN__DUPLICATE_METHOD_MATCH = YES;
				COPY_PHASE_STRIP = NO;
				DEBUG_INFORMATION_FORMAT = "dwarf-with-dsym";
				ENABLE_NS_ASSERTIONS = NO;
				ENABLE_STRICT_OBJC_MSGSEND = YES;
				GCC_C_LANGUAGE_STANDARD = gnu11;
				GCC_NO_COMMON_BLOCKS = YES;
				GCC_WARN_64_TO_32_BIT_CONVERSION = YES;
				GCC_WARN_ABOUT_RETURN_TYPE = YES_ERROR;
				GCC_WARN_UNDECLARED_SELECTOR = YES;
				GCC_WARN_UNINITIALIZED_AUTOS = YES_AGGRESSIVE;
				GCC_WARN_UNUSED_FUNCTION = YES;
				GCC_WARN_UNUSED_VARIABLE = YES;
				IPHONEOS_DEPLOYMENT_TARGET = 14.1;
				MTL_ENABLE_DEBUG_INFO = NO;
				MTL_FAST_MATH = YES;
				SDKROOT = iphoneos;
				SWIFT_COMPILATION_MODE = wholemodule;
				SWIFT_OPTIMIZATION_LEVEL = "-O";
				VALIDATE_PRODUCT = YES;
			};
			name = Release;
		};
		2C5B9171257B92FD007D9A0B /* Debug */ = {
			isa = XCBuildConfiguration;
			buildSettings = {
				ASSETCATALOG_COMPILER_APPICON_NAME = AppIcon;
				ASSETCATALOG_COMPILER_GLOBAL_ACCENT_COLOR_NAME = AccentColor;
				CODE_SIGN_STYLE = Automatic;
				DEVELOPMENT_TEAM = 67L53468FC;
				INFOPLIST_FILE = "SearchGitHubRepository/Suportting Files/Info.plist";
				LD_RUNPATH_SEARCH_PATHS = (
					"$(inherited)",
					"@executable_path/Frameworks",
				);
				PRODUCT_BUNDLE_IDENTIFIER = jp.co.gfc.SearchGitHubRepository;
				PRODUCT_NAME = "$(TARGET_NAME)";
				SWIFT_VERSION = 5.0;
				TARGETED_DEVICE_FAMILY = 1;
			};
			name = Debug;
		};
		2C5B9172257B92FD007D9A0B /* Release */ = {
			isa = XCBuildConfiguration;
			buildSettings = {
				ASSETCATALOG_COMPILER_APPICON_NAME = AppIcon;
				ASSETCATALOG_COMPILER_GLOBAL_ACCENT_COLOR_NAME = AccentColor;
				CODE_SIGN_STYLE = Automatic;
				DEVELOPMENT_TEAM = 67L53468FC;
				INFOPLIST_FILE = "SearchGitHubRepository/Suportting Files/Info.plist";
				LD_RUNPATH_SEARCH_PATHS = (
					"$(inherited)",
					"@executable_path/Frameworks",
				);
				PRODUCT_BUNDLE_IDENTIFIER = jp.co.gfc.SearchGitHubRepository;
				PRODUCT_NAME = "$(TARGET_NAME)";
				SWIFT_VERSION = 5.0;
				TARGETED_DEVICE_FAMILY = 1;
			};
			name = Release;
		};
/* End XCBuildConfiguration section */

/* Begin XCConfigurationList section */
		2C5B9157257B92FB007D9A0B /* Build configuration list for PBXProject "SearchGitHubRepository" */ = {
			isa = XCConfigurationList;
			buildConfigurations = (
				2C5B916E257B92FD007D9A0B /* Debug */,
				2C5B916F257B92FD007D9A0B /* Release */,
			);
			defaultConfigurationIsVisible = 0;
			defaultConfigurationName = Release;
		};
		2C5B9170257B92FD007D9A0B /* Build configuration list for PBXNativeTarget "SearchGitHubRepository" */ = {
			isa = XCConfigurationList;
			buildConfigurations = (
				2C5B9171257B92FD007D9A0B /* Debug */,
				2C5B9172257B92FD007D9A0B /* Release */,
			);
			defaultConfigurationIsVisible = 0;
			defaultConfigurationName = Release;
		};
/* End XCConfigurationList section */
	};
	rootObject = 2C5B9154257B92FB007D9A0B /* Project object */;
}
